
Microsoft Visual Studio Solution File, Format Version 12.00
# Visual Studio Version 17
VisualStudioVersion = 17.4.33103.184
MinimumVisualStudioVersion = 10.0.40219.1
Project("{FAE04EC0-301F-11D3-BF4B-00C04F79EFBC}") = "ConsoleApp4", "ConsoleApp4\ConsoleApp4.csproj", "{374229C9-22CB-4CB8-A57D-3DED24EB3A4A}"
EndProject
Global
	GlobalSection(SolutionConfigurationPlatforms) = preSolution
		Debug|Any CPU = Debug|Any CPU
		Release|Any CPU = Release|Any CPU
	EndGlobalSection
	GlobalSection(ProjectConfigurationPlatforms) = postSolution
		{374229C9-22CB-4CB8-A57D-3DED24EB3A4A}.Debug|Any CPU.ActiveCfg = Debug|Any CPU
		{374229C9-22CB-4CB8-A57D-3DED24EB3A4A}.Debug|Any CPU.Build.0 = Debug|Any CPU
		{374229C9-22CB-4CB8-A57D-3DED24EB3A4A}.Release|Any CPU.ActiveCfg = Release|Any CPU
		{374229C9-22CB-4CB8-A57D-3DED24EB3A4A}.Release|Any CPU.Build.0 = Release|Any CPU
	EndGlobalSection
	GlobalSection(SolutionProperties) = preSolution
		HideSolutionNode = FALSE
	EndGlobalSection
	GlobalSection(ExtensibilityGlobals) = postSolution
		SolutionGuid = {AE1173ED-A742-4B7E-B135-43548EEE421A}
	EndGlobalSection
EndGlobal
